
Microsoft Visual Studio Solution File, Format Version 12.00
# Visual Studio Version 16
VisualStudioVersion = 16.0.30907.101
MinimumVisualStudioVersion = 10.0.40219.1
Project("{9A19103F-16F7-4668-BE54-9A1E7A4F7556}") = "Stringie", "Stringie\Stringie.csproj", "{AEBA6BD0-C267-4CD8-BA56-F23B6A22A40D}"
EndProject
Project("{9A19103F-16F7-4668-BE54-9A1E7A4F7556}") = "StringieTests", "Stringie.Tests\StringieTests.csproj", "{08CB18AA-12E4-4C47-9718-71602B3D9096}"
EndProject
Global
	GlobalSection(SolutionConfigurationPlatforms) = preSolution
		Debug|Any CPU = Debug|Any CPU
		Release|Any CPU = Release|Any CPU
	EndGlobalSection
	GlobalSection(ProjectConfigurationPlatforms) = postSolution
		{AEBA6BD0-C267-4CD8-BA56-F23B6A22A40D}.Debug|Any CPU.ActiveCfg = Debug|Any CPU
		{AEBA6BD0-C267-4CD8-BA56-F23B6A22A40D}.Debug|Any CPU.Build.0 = Debug|Any CPU
		{AEBA6BD0-C267-4CD8-BA56-F23B6A22A40D}.Release|Any CPU.ActiveCfg = Release|Any CPU
		{AEBA6BD0-C267-4CD8-BA56-F23B6A22A40D}.Release|Any CPU.Build.0 = Release|Any CPU
		{08CB18AA-12E4-4C47-9718-71602B3D9096}.Debug|Any CPU.ActiveCfg = Debug|Any CPU
		{08CB18AA-12E4-4C47-9718-71602B3D9096}.Debug|Any CPU.Build.0 = Debug|Any CPU
		{08CB18AA-12E4-4C47-9718-71602B3D9096}.Release|Any CPU.ActiveCfg = Release|Any CPU
		{08CB18AA-12E4-4C47-9718-71602B3D9096}.Release|Any CPU.Build.0 = Release|Any CPU
	EndGlobalSection
	GlobalSection(SolutionProperties) = preSolution
		HideSolutionNode = FALSE
	EndGlobalSection
	GlobalSection(ExtensibilityGlobals) = postSolution
		SolutionGuid = {F6909C07-E31E-4AFE-BCB1-75F159A5E9E8}
	EndGlobalSection
EndGlobal
